// !$*UTF8*$!
{
	archiveVersion = 1;
	classes = {
	};
	objectVersion = 50;
	objects = {

/* Begin PBXBuildFile section */
		01C59849224A1954000B8495 /* AppDelegate.m in Sources */ = {isa = PBXBuildFile; fileRef = 01C59848224A1954000B8495 /* AppDelegate.m */; };
		01C5984C224A1954000B8495 /* ViewController.m in Sources */ = {isa = PBXBuildFile; fileRef = 01C5984B224A1954000B8495 /* ViewController.m */; };
		01C5984F224A1954000B8495 /* Main.storyboard in Resources */ = {isa = PBXBuildFile; fileRef = 01C5984D224A1954000B8495 /* Main.storyboard */; };
		01C59851224A1955000B8495 /* Assets.xcassets in Resources */ = {isa = PBXBuildFile; fileRef = 01C59850224A1955000B8495 /* Assets.xcassets */; };
		01C59854224A1955000B8495 /* LaunchScreen.storyboard in Resources */ = {isa = PBXBuildFile; fileRef = 01C59852224A1955000B8495 /* LaunchScreen.storyboard */; };
		01C59857224A1955000B8495 /* main.m in Sources */ = {isa = PBXBuildFile; fileRef = 01C59856224A1955000B8495 /* main.m */; };
		01C59861224A1955000B8495 /* LoliErrorBordDemoTests.m in Sources */ = {isa = PBXBuildFile; fileRef = 01C59860224A1955000B8495 /* LoliErrorBordDemoTests.m */; };
		01C5986C224A1955000B8495 /* LoliErrorBordDemoUITests.m in Sources */ = {isa = PBXBuildFile; fileRef = 01C5986B224A1955000B8495 /* LoliErrorBordDemoUITests.m */; };
		01C5987C224A2F11000B8495 /* HomeViewController.m in Sources */ = {isa = PBXBuildFile; fileRef = 01C5987A224A2F11000B8495 /* HomeViewController.m */; };
		01C5987D224A2F11000B8495 /* HomeViewController.xib in Resources */ = {isa = PBXBuildFile; fileRef = 01C5987B224A2F11000B8495 /* HomeViewController.xib */; };
		387F9ECE49903247374CFF73 /* libPods-LoliErrorBordDemo.a in Frameworks */ = {isa = PBXBuildFile; fileRef = C8CA92A2587E9FAFA73E3C3C /* libPods-LoliErrorBordDemo.a */; };
/* End PBXBuildFile section */

/* Begin PBXContainerItemProxy section */
		01C5985D224A1955000B8495 /* PBXContainerItemProxy */ = {
			isa = PBXContainerItemProxy;
			containerPortal = 01C5983C224A1954000B8495 /* Project object */;
			proxyType = 1;
			remoteGlobalIDString = 01C59843224A1954000B8495;
			remoteInfo = LoliErrorBordDemo;
		};
		01C59868224A1955000B8495 /* PBXContainerItemProxy */ = {
			isa = PBXContainerItemProxy;
			containerPortal = 01C5983C224A1954000B8495 /* Project object */;
			proxyType = 1;
			remoteGlobalIDString = 01C59843224A1954000B8495;
			remoteInfo = LoliErrorBordDemo;
		};
/* End PBXContainerItemProxy section */

/* Begin PBXFileReference section */
		01C59844224A1954000B8495 /* LoliErrorBordDemo.app */ = {isa = PBXFileReference; explicitFileType = wrapper.application; includeInIndex = 0; path = LoliErrorBordDemo.app; sourceTree = BUILT_PRODUCTS_DIR; };
		01C59847224A1954000B8495 /* AppDelegate.h */ = {isa = PBXFileReference; lastKnownFileType = sourcecode.c.h; path = AppDelegate.h; sourceTree = "<group>"; };
		01C59848224A1954000B8495 /* AppDelegate.m */ = {isa = PBXFileReference; lastKnownFileType = sourcecode.c.objc; path = AppDelegate.m; sourceTree = "<group>"; };
		01C5984A224A1954000B8495 /* ViewController.h */ = {isa = PBXFileReference; lastKnownFileType = sourcecode.c.h; path = ViewController.h; sourceTree = "<group>"; };
		01C5984B224A1954000B8495 /* ViewController.m */ = {isa = PBXFileReference; lastKnownFileType = sourcecode.c.objc; path = ViewController.m; sourceTree = "<group>"; };
		01C5984E224A1954000B8495 /* Base */ = {isa = PBXFileReference; lastKnownFileType = file.storyboard; name = Base; path = Base.lproj/Main.storyboard; sourceTree = "<group>"; };
		01C59850224A1955000B8495 /* Assets.xcassets */ = {isa = PBXFileReference; lastKnownFileType = folder.assetcatalog; path = Assets.xcassets; sourceTree = "<group>"; };
		01C59853224A1955000B8495 /* Base */ = {isa = PBXFileReference; lastKnownFileType = file.storyboard; name = Base; path = Base.lproj/LaunchScreen.storyboard; sourceTree = "<group>"; };
		01C59855224A1955000B8495 /* Info.plist */ = {isa = PBXFileReference; lastKnownFileType = text.plist.xml; path = Info.plist; sourceTree = "<group>"; };
		01C59856224A1955000B8495 /* main.m */ = {isa = PBXFileReference; lastKnownFileType = sourcecode.c.objc; path = main.m; sourceTree = "<group>"; };
		01C5985C224A1955000B8495 /* LoliErrorBordDemoTests.xctest */ = {isa = PBXFileReference; explicitFileType = wrapper.cfbundle; includeInIndex = 0; path = LoliErrorBordDemoTests.xctest; sourceTree = BUILT_PRODUCTS_DIR; };
		01C59860224A1955000B8495 /* LoliErrorBordDemoTests.m */ = {isa = PBXFileReference; lastKnownFileType = sourcecode.c.objc; path = LoliErrorBordDemoTests.m; sourceTree = "<group>"; };
		01C59862224A1955000B8495 /* Info.plist */ = {isa = PBXFileReference; lastKnownFileType = text.plist.xml; path = Info.plist; sourceTree = "<group>"; };
		01C59867224A1955000B8495 /* LoliErrorBordDemoUITests.xctest */ = {isa = PBXFileReference; explicitFileType = wrapper.cfbundle; includeInIndex = 0; path = LoliErrorBordDemoUITests.xctest; sourceTree = BUILT_PRODUCTS_DIR; };
		01C5986B224A1955000B8495 /* LoliErrorBordDemoUITests.m */ = {isa = PBXFileReference; lastKnownFileType = sourcecode.c.objc; path = LoliErrorBordDemoUITests.m; sourceTree = "<group>"; };
		01C5986D224A1955000B8495 /* Info.plist */ = {isa = PBXFileReference; lastKnownFileType = text.plist.xml; path = Info.plist; sourceTree = "<group>"; };
		01C59879224A2F11000B8495 /* HomeViewController.h */ = {isa = PBXFileReference; lastKnownFileType = sourcecode.c.h; path = HomeViewController.h; sourceTree = "<group>"; };
		01C5987A224A2F11000B8495 /* HomeViewController.m */ = {isa = PBXFileReference; lastKnownFileType = sourcecode.c.objc; path = HomeViewController.m; sourceTree = "<group>"; };
		01C5987B224A2F11000B8495 /* HomeViewController.xib */ = {isa = PBXFileReference; lastKnownFileType = file.xib; path = HomeViewController.xib; sourceTree = "<group>"; };
		10A70702E5980A53098B97B3 /* Pods-LoliErrorBordDemo.debug.xcconfig */ = {isa = PBXFileReference; includeInIndex = 1; lastKnownFileType = text.xcconfig; name = "Pods-LoliErrorBordDemo.debug.xcconfig"; path = "Target Support Files/Pods-LoliErrorBordDemo/Pods-LoliErrorBordDemo.debug.xcconfig"; sourceTree = "<group>"; };
		BE28ED3107673DA8A350DAED /* Pods-LoliErrorBordDemo.release.xcconfig */ = {isa = PBXFileReference; includeInIndex = 1; lastKnownFileType = text.xcconfig; name = "Pods-LoliErrorBordDemo.release.xcconfig"; path = "Target Support Files/Pods-LoliErrorBordDemo/Pods-LoliErrorBordDemo.release.xcconfig"; sourceTree = "<group>"; };
		C8CA92A2587E9FAFA73E3C3C /* libPods-LoliErrorBordDemo.a */ = {isa = PBXFileReference; explicitFileType = archive.ar; includeInIndex = 0; path = "libPods-LoliErrorBordDemo.a"; sourceTree = BUILT_PRODUCTS_DIR; };
/* End PBXFileReference section */

/* Begin PBXFrameworksBuildPhase section */
		01C59841224A1954000B8495 /* Frameworks */ = {
			isa = PBXFrameworksBuildPhase;
			buildActionMask = 2147483647;
			files = (
				387F9ECE49903247374CFF73 /* libPods-LoliErrorBordDemo.a in Frameworks */,
			);
			runOnlyForDeploymentPostprocessing = 0;
		};
		01C59859224A1955000B8495 /* Frameworks */ = {
			isa = PBXFrameworksBuildPhase;
			buildActionMask = 2147483647;
			files = (
			);
			runOnlyForDeploymentPostprocessing = 0;
		};
		01C59864224A1955000B8495 /* Frameworks */ = {
			isa = PBXFrameworksBuildPhase;
			buildActionMask = 2147483647;
			files = (
			);
			runOnlyForDeploymentPostprocessing = 0;
		};
/* End PBXFrameworksBuildPhase section */

/* Begin PBXGroup section */
		01C5983B224A1954000B8495 = {
			isa = PBXGroup;
			children = (
				01C59846224A1954000B8495 /* LoliErrorBordDemo */,
				01C5985F224A1955000B8495 /* LoliErrorBordDemoTests */,
				01C5986A224A1955000B8495 /* LoliErrorBordDemoUITests */,
				01C59845224A1954000B8495 /* Products */,
				BC5FC112720824BE0C44803F /* Pods */,
				1D323A8DCF777C1EE0F7CCFC /* Frameworks */,
			);
			sourceTree = "<group>";
		};
		01C59845224A1954000B8495 /* Products */ = {
			isa = PBXGroup;
			children = (
				01C59844224A1954000B8495 /* LoliErrorBordDemo.app */,
				01C5985C224A1955000B8495 /* LoliErrorBordDemoTests.xctest */,
				01C59867224A1955000B8495 /* LoliErrorBordDemoUITests.xctest */,
			);
			name = Products;
			sourceTree = "<group>";
		};
		01C59846224A1954000B8495 /* LoliErrorBordDemo */ = {
			isa = PBXGroup;
			children = (
				01C59847224A1954000B8495 /* AppDelegate.h */,
				01C59848224A1954000B8495 /* AppDelegate.m */,
				01FCC391224A367200D6EB54 /* 首页 */,
				01C5984A224A1954000B8495 /* ViewController.h */,
				01C5984B224A1954000B8495 /* ViewController.m */,
				01C5984D224A1954000B8495 /* Main.storyboard */,
				01C59850224A1955000B8495 /* Assets.xcassets */,
				01C59852224A1955000B8495 /* LaunchScreen.storyboard */,
				01C59855224A1955000B8495 /* Info.plist */,
				01C59856224A1955000B8495 /* main.m */,
			);
			path = LoliErrorBordDemo;
			sourceTree = "<group>";
		};
		01C5985F224A1955000B8495 /* LoliErrorBordDemoTests */ = {
			isa = PBXGroup;
			children = (
				01C59860224A1955000B8495 /* LoliErrorBordDemoTests.m */,
				01C59862224A1955000B8495 /* Info.plist */,
			);
			path = LoliErrorBordDemoTests;
			sourceTree = "<group>";
		};
		01C5986A224A1955000B8495 /* LoliErrorBordDemoUITests */ = {
			isa = PBXGroup;
			children = (
				01C5986B224A1955000B8495 /* LoliErrorBordDemoUITests.m */,
				01C5986D224A1955000B8495 /* Info.plist */,
			);
			path = LoliErrorBordDemoUITests;
			sourceTree = "<group>";
		};
		01FCC391224A367200D6EB54 /* 首页 */ = {
			isa = PBXGroup;
			children = (
				01C59879224A2F11000B8495 /* HomeViewController.h */,
				01C5987A224A2F11000B8495 /* HomeViewController.m */,
				01C5987B224A2F11000B8495 /* HomeViewController.xib */,
			);
			name = "首页";
			path = "New Group";
			sourceTree = "<group>";
		};
		1D323A8DCF777C1EE0F7CCFC /* Frameworks */ = {
			isa = PBXGroup;
			children = (
				C8CA92A2587E9FAFA73E3C3C /* libPods-LoliErrorBordDemo.a */,
			);
			name = Frameworks;
			sourceTree = "<group>";
		};
		BC5FC112720824BE0C44803F /* Pods */ = {
			isa = PBXGroup;
			children = (
				10A70702E5980A53098B97B3 /* Pods-LoliErrorBordDemo.debug.xcconfig */,
				BE28ED3107673DA8A350DAED /* Pods-LoliErrorBordDemo.release.xcconfig */,
			);
			path = Pods;
			sourceTree = "<group>";
		};
/* End PBXGroup section */

/* Begin PBXNativeTarget section */
		01C59843224A1954000B8495 /* LoliErrorBordDemo */ = {
			isa = PBXNativeTarget;
			buildConfigurationList = 01C59870224A1955000B8495 /* Build configuration list for PBXNativeTarget "LoliErrorBordDemo" */;
			buildPhases = (
				CB76CB9FECE3FD868C42D3CA /* [CP] Check Pods Manifest.lock */,
				01C59840224A1954000B8495 /* Sources */,
				01C59841224A1954000B8495 /* Frameworks */,
				01C59842224A1954000B8495 /* Resources */,
			);
			buildRules = (
			);
			dependencies = (
			);
			name = LoliErrorBordDemo;
			productName = LoliErrorBordDemo;
			productReference = 01C59844224A1954000B8495 /* LoliErrorBordDemo.app */;
			productType = "com.apple.product-type.application";
		};
		01C5985B224A1955000B8495 /* LoliErrorBordDemoTests */ = {
			isa = PBXNativeTarget;
			buildConfigurationList = 01C59873224A1955000B8495 /* Build configuration list for PBXNativeTarget "LoliErrorBordDemoTests" */;
			buildPhases = (
				01C59858224A1955000B8495 /* Sources */,
				01C59859224A1955000B8495 /* Frameworks */,
				01C5985A224A1955000B8495 /* Resources */,
			);
			buildRules = (
			);
			dependencies = (
				01C5985E224A1955000B8495 /* PBXTargetDependency */,
			);
			name = LoliErrorBordDemoTests;
			productName = LoliErrorBordDemoTests;
			productReference = 01C5985C224A1955000B8495 /* LoliErrorBordDemoTests.xctest */;
			productType = "com.apple.product-type.bundle.unit-test";
		};
		01C59866224A1955000B8495 /* LoliErrorBordDemoUITests */ = {
			isa = PBXNativeTarget;
			buildConfigurationList = 01C59876224A1955000B8495 /* Build configuration list for PBXNativeTarget "LoliErrorBordDemoUITests" */;
			buildPhases = (
				01C59863224A1955000B8495 /* Sources */,
				01C59864224A1955000B8495 /* Frameworks */,
				01C59865224A1955000B8495 /* Resources */,
			);
			buildRules = (
			);
			dependencies = (
				01C59869224A1955000B8495 /* PBXTargetDependency */,
			);
			name = LoliErrorBordDemoUITests;
			productName = LoliErrorBordDemoUITests;
			productReference = 01C59867224A1955000B8495 /* LoliErrorBordDemoUITests.xctest */;
			productType = "com.apple.product-type.bundle.ui-testing";
		};
/* End PBXNativeTarget section */

/* Begin PBXProject section */
		01C5983C224A1954000B8495 /* Project object */ = {
			isa = PBXProject;
			attributes = {
				LastUpgradeCheck = 1010;
				ORGANIZATIONNAME = ciefky;
				TargetAttributes = {
					01C59843224A1954000B8495 = {
						CreatedOnToolsVersion = 10.1;
					};
					01C5985B224A1955000B8495 = {
						CreatedOnToolsVersion = 10.1;
						TestTargetID = 01C59843224A1954000B8495;
					};
					01C59866224A1955000B8495 = {
						CreatedOnToolsVersion = 10.1;
						TestTargetID = 01C59843224A1954000B8495;
					};
				};
			};
			buildConfigurationList = 01C5983F224A1954000B8495 /* Build configuration list for PBXProject "LoliErrorBordDemo" */;
			compatibilityVersion = "Xcode 9.3";
			developmentRegion = en;
			hasScannedForEncodings = 0;
			knownRegions = (
				en,
				Base,
			);
			mainGroup = 01C5983B224A1954000B8495;
			productRefGroup = 01C59845224A1954000B8495 /* Products */;
			projectDirPath = "";
			projectRoot = "";
			targets = (
				01C59843224A1954000B8495 /* LoliErrorBordDemo */,
				01C5985B224A1955000B8495 /* LoliErrorBordDemoTests */,
				01C59866224A1955000B8495 /* LoliErrorBordDemoUITests */,
			);
		};
/* End PBXProject section */

/* Begin PBXResourcesBuildPhase section */
		01C59842224A1954000B8495 /* Resources */ = {
			isa = PBXResourcesBuildPhase;
			buildActionMask = 2147483647;
			files = (
				01C59854224A1955000B8495 /* LaunchScreen.storyboard in Resources */,
				01C59851224A1955000B8495 /* Assets.xcassets in Resources */,
				01C5984F224A1954000B8495 /* Main.storyboard in Resources */,
				01C5987D224A2F11000B8495 /* HomeViewController.xib in Resources */,
			);
			runOnlyForDeploymentPostprocessing = 0;
		};
		01C5985A224A1955000B8495 /* Resources */ = {
			isa = PBXResourcesBuildPhase;
			buildActionMask = 2147483647;
			files = (
			);
			runOnlyForDeploymentPostprocessing = 0;
		};
		01C59865224A1955000B8495 /* Resources */ = {
			isa = PBXResourcesBuildPhase;
			buildActionMask = 2147483647;
			files = (
			);
			runOnlyForDeploymentPostprocessing = 0;
		};
/* End PBXResourcesBuildPhase section */

/* Begin PBXShellScriptBuildPhase section */
		CB76CB9FECE3FD868C42D3CA /* [CP] Check Pods Manifest.lock */ = {
			isa = PBXShellScriptBuildPhase;
			buildActionMask = 2147483647;
			files = (
			);
			inputFileListPaths = (
			);
			inputPaths = (
				"${PODS_PODFILE_DIR_PATH}/Podfile.lock",
				"${PODS_ROOT}/Manifest.lock",
			);
			name = "[CP] Check Pods Manifest.lock";
			outputFileListPaths = (
			);
			outputPaths = (
				"$(DERIVED_FILE_DIR)/Pods-LoliErrorBordDemo-checkManifestLockResult.txt",
			);
			runOnlyForDeploymentPostprocessing = 0;
			shellPath = /bin/sh;
			shellScript = "diff \"${PODS_PODFILE_DIR_PATH}/Podfile.lock\" \"${PODS_ROOT}/Manifest.lock\" > /dev/null\nif [ $? != 0 ] ; then\n    # print error to STDERR\n    echo \"error: The sandbox is not in sync with the Podfile.lock. Run 'pod install' or update your CocoaPods installation.\" >&2\n    exit 1\nfi\n# This output is used by Xcode 'outputs' to avoid re-running this script phase.\necho \"SUCCESS\" > \"${SCRIPT_OUTPUT_FILE_0}\"\n";
			showEnvVarsInLog = 0;
		};
/* End PBXShellScriptBuildPhase section */

/* Begin PBXSourcesBuildPhase section */
		01C59840224A1954000B8495 /* Sources */ = {
			isa = PBXSourcesBuildPhase;
			buildActionMask = 2147483647;
			files = (
				01C5984C224A1954000B8495 /* ViewController.m in Sources */,
				01C59857224A1955000B8495 /* main.m in Sources */,
				01C59849224A1954000B8495 /* AppDelegate.m in Sources */,
				01C5987C224A2F11000B8495 /* HomeViewController.m in Sources */,
			);
			runOnlyForDeploymentPostprocessing = 0;
		};
		01C59858224A1955000B8495 /* Sources */ = {
			isa = PBXSourcesBuildPhase;
			buildActionMask = 2147483647;
			files = (
				01C59861224A1955000B8495 /* LoliErrorBordDemoTests.m in Sources */,
			);
			runOnlyForDeploymentPostprocessing = 0;
		};
		01C59863224A1955000B8495 /* Sources */ = {
			isa = PBXSourcesBuildPhase;
			buildActionMask = 2147483647;
			files = (
				01C5986C224A1955000B8495 /* LoliErrorBordDemoUITests.m in Sources */,
			);
			runOnlyForDeploymentPostprocessing = 0;
		};
/* End PBXSourcesBuildPhase section */

/* Begin PBXTargetDependency section */
		01C5985E224A1955000B8495 /* PBXTargetDependency */ = {
			isa = PBXTargetDependency;
			target = 01C59843224A1954000B8495 /* LoliErrorBordDemo */;
			targetProxy = 01C5985D224A1955000B8495 /* PBXContainerItemProxy */;
		};
		01C59869224A1955000B8495 /* PBXTargetDependency */ = {
			isa = PBXTargetDependency;
			target = 01C59843224A1954000B8495 /* LoliErrorBordDemo */;
			targetProxy = 01C59868224A1955000B8495 /* PBXContainerItemProxy */;
		};
/* End PBXTargetDependency section */

/* Begin PBXVariantGroup section */
		01C5984D224A1954000B8495 /* Main.storyboard */ = {
			isa = PBXVariantGroup;
			children = (
				01C5984E224A1954000B8495 /* Base */,
			);
			name = Main.storyboard;
			sourceTree = "<group>";
		};
		01C59852224A1955000B8495 /* LaunchScreen.storyboard */ = {
			isa = PBXVariantGroup;
			children = (
				01C59853224A1955000B8495 /* Base */,
			);
			name = LaunchScreen.storyboard;
			sourceTree = "<group>";
		};
/* End PBXVariantGroup section */

/* Begin XCBuildConfiguration section */
		01C5986E224A1955000B8495 /* Debug */ = {
			isa = XCBuildConfiguration;
			buildSettings = {
				ALWAYS_SEARCH_USER_PATHS = NO;
				CLANG_ANALYZER_NONNULL = YES;
				CLANG_ANALYZER_NUMBER_OBJECT_CONVERSION = YES_AGGRESSIVE;
				CLANG_CXX_LANGUAGE_STANDARD = "gnu++14";
				CLANG_CXX_LIBRARY = "libc++";
				CLANG_ENABLE_MODULES = YES;
				CLANG_ENABLE_OBJC_ARC = YES;
				CLANG_ENABLE_OBJC_WEAK = YES;
				CLANG_WARN_BLOCK_CAPTURE_AUTORELEASING = YES;
				CLANG_WARN_BOOL_CONVERSION = YES;
				CLANG_WARN_COMMA = YES;
				CLANG_WARN_CONSTANT_CONVERSION = YES;
				CLANG_WARN_DEPRECATED_OBJC_IMPLEMENTATIONS = YES;
				CLANG_WARN_DIRECT_OBJC_ISA_USAGE = YES_ERROR;
				CLANG_WARN_DOCUMENTATION_COMMENTS = YES;
				CLANG_WARN_EMPTY_BODY = YES;
				CLANG_WARN_ENUM_CONVERSION = YES;
				CLANG_WARN_INFINITE_RECURSION = YES;
				CLANG_WARN_INT_CONVERSION = YES;
				CLANG_WARN_NON_LITERAL_NULL_CONVERSION = YES;
				CLANG_WARN_OBJC_IMPLICIT_RETAIN_SELF = YES;
				CLANG_WARN_OBJC_LITERAL_CONVERSION = YES;
				CLANG_WARN_OBJC_ROOT_CLASS = YES_ERROR;
				CLANG_WARN_RANGE_LOOP_ANALYSIS = YES;
				CLANG_WARN_STRICT_PROTOTYPES = YES;
				CLANG_WARN_SUSPICIOUS_MOVE = YES;
				CLANG_WARN_UNGUARDED_AVAILABILITY = YES_AGGRESSIVE;
				CLANG_WARN_UNREACHABLE_CODE = YES;
				CLANG_WARN__DUPLICATE_METHOD_MATCH = YES;
				CODE_SIGN_IDENTITY = "iPhone Developer";
				COPY_PHASE_STRIP = NO;
				DEBUG_INFORMATION_FORMAT = dwarf;
				ENABLE_STRICT_OBJC_MSGSEND = YES;
				ENABLE_TESTABILITY = YES;
				GCC_C_LANGUAGE_STANDARD = gnu11;
				GCC_DYNAMIC_NO_PIC = NO;
				GCC_NO_COMMON_BLOCKS = YES;
				GCC_OPTIMIZATION_LEVEL = 0;
				GCC_PREPROCESSOR_DEFINITIONS = (
					"DEBUG=1",
					"$(inherited)",
				);
				GCC_WARN_64_TO_32_BIT_CONVERSION = YES;
				GCC_WARN_ABOUT_RETURN_TYPE = YES_ERROR;
				GCC_WARN_UNDECLARED_SELECTOR = YES;
				GCC_WARN_UNINITIALIZED_AUTOS = YES_AGGRESSIVE;
				GCC_WARN_UNUSED_FUNCTION = YES;
				GCC_WARN_UNUSED_VARIABLE = YES;
				IPHONEOS_DEPLOYMENT_TARGET = 12.1;
				MTL_ENABLE_DEBUG_INFO = INCLUDE_SOURCE;
				MTL_FAST_MATH = YES;
				ONLY_ACTIVE_ARCH = YES;
				SDKROOT = iphoneos;
			};
			name = Debug;
		};
		01C5986F224A1955000B8495 /* Release */ = {
			isa = XCBuildConfiguration;
			buildSettings = {
				ALWAYS_SEARCH_USER_PATHS = NO;
				CLANG_ANALYZER_NONNULL = YES;
				CLANG_ANALYZER_NUMBER_OBJECT_CONVERSION = YES_AGGRESSIVE;
				CLANG_CXX_LANGUAGE_STANDARD = "gnu++14";
				CLANG_CXX_LIBRARY = "libc++";
				CLANG_ENABLE_MODULES = YES;
				CLANG_ENABLE_OBJC_ARC = YES;
				CLANG_ENABLE_OBJC_WEAK = YES;
				CLANG_WARN_BLOCK_CAPTURE_AUTORELEASING = YES;
				CLANG_WARN_BOOL_CONVERSION = YES;
				CLANG_WARN_COMMA = YES;
				CLANG_WARN_CONSTANT_CONVERSION = YES;
				CLANG_WARN_DEPRECATED_OBJC_IMPLEMENTATIONS = YES;
				CLANG_WARN_DIRECT_OBJC_ISA_USAGE = YES_ERROR;
				CLANG_WARN_DOCUMENTATION_COMMENTS = YES;
				CLANG_WARN_EMPTY_BODY = YES;
				CLANG_WARN_ENUM_CONVERSION = YES;
				CLANG_WARN_INFINITE_RECURSION = YES;
				CLANG_WARN_INT_CONVERSION = YES;
				CLANG_WARN_NON_LITERAL_NULL_CONVERSION = YES;
				CLANG_WARN_OBJC_IMPLICIT_RETAIN_SELF = YES;
				CLANG_WARN_OBJC_LITERAL_CONVERSION = YES;
				CLANG_WARN_OBJC_ROOT_CLASS = YES_ERROR;
				CLANG_WARN_RANGE_LOOP_ANALYSIS = YES;
				CLANG_WARN_STRICT_PROTOTYPES = YES;
				CLANG_WARN_SUSPICIOUS_MOVE = YES;
				CLANG_WARN_UNGUARDED_AVAILABILITY = YES_AGGRESSIVE;
				CLANG_WARN_UNREACHABLE_CODE = YES;
				CLANG_WARN__DUPLICATE_METHOD_MATCH = YES;
				CODE_SIGN_IDENTITY = "iPhone Developer";
				COPY_PHASE_STRIP = NO;
				DEBUG_INFORMATION_FORMAT = "dwarf-with-dsym";
				ENABLE_NS_ASSERTIONS = NO;
				ENABLE_STRICT_OBJC_MSGSEND = YES;
				GCC_C_LANGUAGE_STANDARD = gnu11;
				GCC_NO_COMMON_BLOCKS = YES;
				GCC_WARN_64_TO_32_BIT_CONVERSION = YES;
				GCC_WARN_ABOUT_RETURN_TYPE = YES_ERROR;
				GCC_WARN_UNDECLARED_SELECTOR = YES;
				GCC_WARN_UNINITIALIZED_AUTOS = YES_AGGRESSIVE;
				GCC_WARN_UNUSED_FUNCTION = YES;
				GCC_WARN_UNUSED_VARIABLE = YES;
				IPHONEOS_DEPLOYMENT_TARGET = 12.1;
				MTL_ENABLE_DEBUG_INFO = NO;
				MTL_FAST_MATH = YES;
				SDKROOT = iphoneos;
				VALIDATE_PRODUCT = YES;
			};
			name = Release;
		};
		01C59871224A1955000B8495 /* Debug */ = {
			isa = XCBuildConfiguration;
			baseConfigurationReference = 10A70702E5980A53098B97B3 /* Pods-LoliErrorBordDemo.debug.xcconfig */;
			buildSettings = {
				ASSETCATALOG_COMPILER_APPICON_NAME = AppIcon;
				CODE_SIGN_STYLE = Automatic;
				INFOPLIST_FILE = LoliErrorBordDemo/Info.plist;
				LD_RUNPATH_SEARCH_PATHS = (
					"$(inherited)",
					"@executable_path/Frameworks",
				);
				PRODUCT_BUNDLE_IDENTIFIER = ciefky.LoliErrorBordDemo;
				PRODUCT_NAME = "$(TARGET_NAME)";
				TARGETED_DEVICE_FAMILY = "1,2";
			};
			name = Debug;
		};
		01C59872224A1955000B8495 /* Release */ = {
			isa = XCBuildConfiguration;
			baseConfigurationReference = BE28ED3107673DA8A350DAED /* Pods-LoliErrorBordDemo.release.xcconfig */;
			buildSettings = {
				ASSETCATALOG_COMPILER_APPICON_NAME = AppIcon;
				CODE_SIGN_STYLE = Automatic;
				INFOPLIST_FILE = LoliErrorBordDemo/Info.plist;
				LD_RUNPATH_SEARCH_PATHS = (
					"$(inherited)",
					"@executable_path/Frameworks",
				);
				PRODUCT_BUNDLE_IDENTIFIER = ciefky.LoliErrorBordDemo;
				PRODUCT_NAME = "$(TARGET_NAME)";
				TARGETED_DEVICE_FAMILY = "1,2";
			};
			name = Release;
		};
		01C59874224A1955000B8495 /* Debug */ = {
			isa = XCBuildConfiguration;
			buildSettings = {
				BUNDLE_LOADER = "$(TEST_HOST)";
				CODE_SIGN_STYLE = Automatic;
				INFOPLIST_FILE = LoliErrorBordDemoTests/Info.plist;
				LD_RUNPATH_SEARCH_PATHS = (
					"$(inherited)",
					"@executable_path/Frameworks",
					"@loader_path/Frameworks",
				);
				PRODUCT_BUNDLE_IDENTIFIER = ciefky.LoliErrorBordDemoTests;
				PRODUCT_NAME = "$(TARGET_NAME)";
				TARGETED_DEVICE_FAMILY = "1,2";
				TEST_HOST = "$(BUILT_PRODUCTS_DIR)/LoliErrorBordDemo.app/LoliErrorBordDemo";
			};
			name = Debug;
		};
		01C59875224A1955000B8495 /* Release */ = {
			isa = XCBuildConfiguration;
			buildSettings = {
				BUNDLE_LOADER = "$(TEST_HOST)";
				CODE_SIGN_STYLE = Automatic;
				INFOPLIST_FILE = LoliErrorBordDemoTests/Info.plist;
				LD_RUNPATH_SEARCH_PATHS = (
					"$(inherited)",
					"@executable_path/Frameworks",
					"@loader_path/Frameworks",
				);
				PRODUCT_BUNDLE_IDENTIFIER = ciefky.LoliErrorBordDemoTests;
				PRODUCT_NAME = "$(TARGET_NAME)";
				TARGETED_DEVICE_FAMILY = "1,2";
				TEST_HOST = "$(BUILT_PRODUCTS_DIR)/LoliErrorBordDemo.app/LoliErrorBordDemo";
			};
			name = Release;
		};
		01C59877224A1955000B8495 /* Debug */ = {
			isa = XCBuildConfiguration;
			buildSettings = {
				CODE_SIGN_STYLE = Automatic;
				INFOPLIST_FILE = LoliErrorBordDemoUITests/Info.plist;
				LD_RUNPATH_SEARCH_PATHS = (
					"$(inherited)",
					"@executable_path/Frameworks",
					"@loader_path/Frameworks",
				);
				PRODUCT_BUNDLE_IDENTIFIER = ciefky.LoliErrorBordDemoUITests;
				PRODUCT_NAME = "$(TARGET_NAME)";
				TARGETED_DEVICE_FAMILY = "1,2";
				TEST_TARGET_NAME = LoliErrorBordDemo;
			};
			name = Debug;
		};
		01C59878224A1955000B8495 /* Release */ = {
			isa = XCBuildConfiguration;
			buildSettings = {
				CODE_SIGN_STYLE = Automatic;
				INFOPLIST_FILE = LoliErrorBordDemoUITests/Info.plist;
				LD_RUNPATH_SEARCH_PATHS = (
					"$(inherited)",
					"@executable_path/Frameworks",
					"@loader_path/Frameworks",
				);
				PRODUCT_BUNDLE_IDENTIFIER = ciefky.LoliErrorBordDemoUITests;
				PRODUCT_NAME = "$(TARGET_NAME)";
				TARGETED_DEVICE_FAMILY = "1,2";
				TEST_TARGET_NAME = LoliErrorBordDemo;
			};
			name = Release;
		};
/* End XCBuildConfiguration section */

/* Begin XCConfigurationList section */
		01C5983F224A1954000B8495 /* Build configuration list for PBXProject "LoliErrorBordDemo" */ = {
			isa = XCConfigurationList;
			buildConfigurations = (
				01C5986E224A1955000B8495 /* Debug */,
				01C5986F224A1955000B8495 /* Release */,
			);
			defaultConfigurationIsVisible = 0;
			defaultConfigurationName = Release;
		};
		01C59870224A1955000B8495 /* Build configuration list for PBXNativeTarget "LoliErrorBordDemo" */ = {
			isa = XCConfigurationList;
			buildConfigurations = (
				01C59871224A1955000B8495 /* Debug */,
				01C59872224A1955000B8495 /* Release */,
			);
			defaultConfigurationIsVisible = 0;
			defaultConfigurationName = Release;
		};
		01C59873224A1955000B8495 /* Build configuration list for PBXNativeTarget "LoliErrorBordDemoTests" */ = {
			isa = XCConfigurationList;
			buildConfigurations = (
				01C59874224A1955000B8495 /* Debug */,
				01C59875224A1955000B8495 /* Release */,
			);
			defaultConfigurationIsVisible = 0;
			defaultConfigurationName = Release;
		};
		01C59876224A1955000B8495 /* Build configuration list for PBXNativeTarget "LoliErrorBordDemoUITests" */ = {
			isa = XCConfigurationList;
			buildConfigurations = (
				01C59877224A1955000B8495 /* Debug */,
				01C59878224A1955000B8495 /* Release */,
			);
			defaultConfigurationIsVisible = 0;
			defaultConfigurationName = Release;
		};
/* End XCConfigurationList section */
	};
	rootObject = 01C5983C224A1954000B8495 /* Project object */;
}
